
Microsoft Visual Studio Solution File, Format Version 12.00
# Visual Studio Version 17
VisualStudioVersion = 17.4.33110.190
MinimumVisualStudioVersion = 10.0.40219.1
Project("{FAE04EC0-301F-11D3-BF4B-00C04F79EFBC}") = "Hash Tables", "Hash Tables.csproj", "{9BA47404-F556-4A78-819B-47CFD8D172BF}"
EndProject
Global
	GlobalSection(SolutionConfigurationPlatforms) = preSolution
		Debug|Any CPU = Debug|Any CPU
		Release|Any CPU = Release|Any CPU
	EndGlobalSection
	GlobalSection(ProjectConfigurationPlatforms) = postSolution
		{9BA47404-F556-4A78-819B-47CFD8D172BF}.Debug|Any CPU.ActiveCfg = Debug|Any CPU
		{9BA47404-F556-4A78-819B-47CFD8D172BF}.Debug|Any CPU.Build.0 = Debug|Any CPU
		{9BA47404-F556-4A78-819B-47CFD8D172BF}.Release|Any CPU.ActiveCfg = Release|Any CPU
		{9BA47404-F556-4A78-819B-47CFD8D172BF}.Release|Any CPU.Build.0 = Release|Any CPU
	EndGlobalSection
	GlobalSection(SolutionProperties) = preSolution
		HideSolutionNode = FALSE
	EndGlobalSection
	GlobalSection(ExtensibilityGlobals) = postSolution
		SolutionGuid = {318EA500-93C4-45C4-BE55-11F727C37056}
	EndGlobalSection
EndGlobal
